
Microsoft Visual Studio Solution File, Format Version 12.00
# Visual Studio Version 17
VisualStudioVersion = 17.0.32014.148
MinimumVisualStudioVersion = 10.0.40219.1
Project("{FAE04EC0-301F-11D3-BF4B-00C04F79EFBC}") = "BadDragonAPI", "BadDragonAPI\BadDragonAPI.csproj", "{65ED08A2-AE9F-4528-8742-DF112545DA21}"
EndProject
Project("{FAE04EC0-301F-11D3-BF4B-00C04F79EFBC}") = "BadDragonTest", "BadDragonTest\BadDragonTest.csproj", "{66F81962-2B41-40B6-A2B5-01BC1C5C81A9}"
EndProject
Global
	GlobalSection(SolutionConfigurationPlatforms) = preSolution
		Debug|Any CPU = Debug|Any CPU
		Release|Any CPU = Release|Any CPU
	EndGlobalSection
	GlobalSection(ProjectConfigurationPlatforms) = postSolution
		{65ED08A2-AE9F-4528-8742-DF112545DA21}.Debug|Any CPU.ActiveCfg = Debug|Any CPU
		{65ED08A2-AE9F-4528-8742-DF112545DA21}.Debug|Any CPU.Build.0 = Debug|Any CPU
		{65ED08A2-AE9F-4528-8742-DF112545DA21}.Release|Any CPU.ActiveCfg = Release|Any CPU
		{65ED08A2-AE9F-4528-8742-DF112545DA21}.Release|Any CPU.Build.0 = Release|Any CPU
		{66F81962-2B41-40B6-A2B5-01BC1C5C81A9}.Debug|Any CPU.ActiveCfg = Debug|Any CPU
		{66F81962-2B41-40B6-A2B5-01BC1C5C81A9}.Debug|Any CPU.Build.0 = Debug|Any CPU
		{66F81962-2B41-40B6-A2B5-01BC1C5C81A9}.Release|Any CPU.ActiveCfg = Release|Any CPU
		{66F81962-2B41-40B6-A2B5-01BC1C5C81A9}.Release|Any CPU.Build.0 = Release|Any CPU
	EndGlobalSection
	GlobalSection(SolutionProperties) = preSolution
		HideSolutionNode = FALSE
	EndGlobalSection
	GlobalSection(ExtensibilityGlobals) = postSolution
		SolutionGuid = {0A635B8C-766C-4AE4-88C7-543857AF3BE6}
	EndGlobalSection
EndGlobal
